
Microsoft Visual Studio Solution File, Format Version 12.00
# Visual Studio Version 17
VisualStudioVersion = 17.0.31903.59
MinimumVisualStudioVersion = 10.0.40219.1
Project("{FAE04EC0-301F-11D3-BF4B-00C04F79EFBC}") = "NextJob.Api", "NextJob.Api\NextJob.Api.csproj", "{ED173139-0870-413B-8DD1-ED0C2F4E7932}"
EndProject
Project("{FAE04EC0-301F-11D3-BF4B-00C04F79EFBC}") = "NextJob.Tests", "NextJob.Tests\NextJob.Tests.csproj", "{4321D526-A126-4D1B-B234-A3F4ABEC9E73}"
EndProject
Project("{2150E333-8FDC-42A3-9474-1A3956D46DE8}") = "Itens de Solução", "Itens de Solução", "{380A7511-A354-6D7A-0CC0-8FA1F1BA7B6C}"
	ProjectSection(SolutionItems) = preProject
		Dockerfile = Dockerfile
	EndProjectSection
EndProject
Global
	GlobalSection(SolutionConfigurationPlatforms) = preSolution
		Debug|Any CPU = Debug|Any CPU
		Debug|x64 = Debug|x64
		Debug|x86 = Debug|x86
		Release|Any CPU = Release|Any CPU
		Release|x64 = Release|x64
		Release|x86 = Release|x86
	EndGlobalSection
	GlobalSection(ProjectConfigurationPlatforms) = postSolution
		{ED173139-0870-413B-8DD1-ED0C2F4E7932}.Debug|Any CPU.ActiveCfg = Debug|Any CPU
		{ED173139-0870-413B-8DD1-ED0C2F4E7932}.Debug|Any CPU.Build.0 = Debug|Any CPU
		{ED173139-0870-413B-8DD1-ED0C2F4E7932}.Debug|x64.ActiveCfg = Debug|Any CPU
		{ED173139-0870-413B-8DD1-ED0C2F4E7932}.Debug|x64.Build.0 = Debug|Any CPU
		{ED173139-0870-413B-8DD1-ED0C2F4E7932}.Debug|x86.ActiveCfg = Debug|Any CPU
		{ED173139-0870-413B-8DD1-ED0C2F4E7932}.Debug|x86.Build.0 = Debug|Any CPU
		{ED173139-0870-413B-8DD1-ED0C2F4E7932}.Release|Any CPU.ActiveCfg = Release|Any CPU
		{ED173139-0870-413B-8DD1-ED0C2F4E7932}.Release|Any CPU.Build.0 = Release|Any CPU
		{ED173139-0870-413B-8DD1-ED0C2F4E7932}.Release|x64.ActiveCfg = Release|Any CPU
		{ED173139-0870-413B-8DD1-ED0C2F4E7932}.Release|x64.Build.0 = Release|Any CPU
		{ED173139-0870-413B-8DD1-ED0C2F4E7932}.Release|x86.ActiveCfg = Release|Any CPU
		{ED173139-0870-413B-8DD1-ED0C2F4E7932}.Release|x86.Build.0 = Release|Any CPU
		{4321D526-A126-4D1B-B234-A3F4ABEC9E73}.Debug|Any CPU.ActiveCfg = Debug|Any CPU
		{4321D526-A126-4D1B-B234-A3F4ABEC9E73}.Debug|Any CPU.Build.0 = Debug|Any CPU
		{4321D526-A126-4D1B-B234-A3F4ABEC9E73}.Debug|x64.ActiveCfg = Debug|Any CPU
		{4321D526-A126-4D1B-B234-A3F4ABEC9E73}.Debug|x64.Build.0 = Debug|Any CPU
		{4321D526-A126-4D1B-B234-A3F4ABEC9E73}.Debug|x86.ActiveCfg = Debug|Any CPU
		{4321D526-A126-4D1B-B234-A3F4ABEC9E73}.Debug|x86.Build.0 = Debug|Any CPU
		{4321D526-A126-4D1B-B234-A3F4ABEC9E73}.Release|Any CPU.ActiveCfg = Release|Any CPU
		{4321D526-A126-4D1B-B234-A3F4ABEC9E73}.Release|Any CPU.Build.0 = Release|Any CPU
		{4321D526-A126-4D1B-B234-A3F4ABEC9E73}.Release|x64.ActiveCfg = Release|Any CPU
		{4321D526-A126-4D1B-B234-A3F4ABEC9E73}.Release|x64.Build.0 = Release|Any CPU
		{4321D526-A126-4D1B-B234-A3F4ABEC9E73}.Release|x86.ActiveCfg = Release|Any CPU
		{4321D526-A126-4D1B-B234-A3F4ABEC9E73}.Release|x86.Build.0 = Release|Any CPU
	EndGlobalSection
	GlobalSection(SolutionProperties) = preSolution
		HideSolutionNode = FALSE
	EndGlobalSection
	GlobalSection(ExtensibilityGlobals) = postSolution
		SolutionGuid = {59327658-DFD6-4697-BDAE-34BC040A35E2}
	EndGlobalSection
EndGlobal
